
Microsoft Visual Studio Solution File, Format Version 12.00
# Visual Studio Version 17
VisualStudioVersion = 17.0.32428.209
MinimumVisualStudioVersion = 10.0.40219.1
Project("{9A19103F-16F7-4668-BE54-9A1E7A4F7556}") = "WordifyNumberApp", "WordifyNumberApp\WordifyNumberApp.csproj", "{404B0F9A-EC59-4091-B406-8A72D891DF11}"
EndProject
Project("{FAE04EC0-301F-11D3-BF4B-00C04F79EFBC}") = "WordifyNumberTests", "WordifyNumberTests\WordifyNumberTests.csproj", "{209BC9FB-8091-44D3-941C-1136527E7A2C}"
EndProject
Global
	GlobalSection(SolutionConfigurationPlatforms) = preSolution
		Debug|Any CPU = Debug|Any CPU
		Release|Any CPU = Release|Any CPU
	EndGlobalSection
	GlobalSection(ProjectConfigurationPlatforms) = postSolution
		{404B0F9A-EC59-4091-B406-8A72D891DF11}.Debug|Any CPU.ActiveCfg = Debug|Any CPU
		{404B0F9A-EC59-4091-B406-8A72D891DF11}.Debug|Any CPU.Build.0 = Debug|Any CPU
		{404B0F9A-EC59-4091-B406-8A72D891DF11}.Release|Any CPU.ActiveCfg = Release|Any CPU
		{404B0F9A-EC59-4091-B406-8A72D891DF11}.Release|Any CPU.Build.0 = Release|Any CPU
		{209BC9FB-8091-44D3-941C-1136527E7A2C}.Debug|Any CPU.ActiveCfg = Debug|Any CPU
		{209BC9FB-8091-44D3-941C-1136527E7A2C}.Debug|Any CPU.Build.0 = Debug|Any CPU
		{209BC9FB-8091-44D3-941C-1136527E7A2C}.Release|Any CPU.ActiveCfg = Release|Any CPU
		{209BC9FB-8091-44D3-941C-1136527E7A2C}.Release|Any CPU.Build.0 = Release|Any CPU
	EndGlobalSection
	GlobalSection(SolutionProperties) = preSolution
		HideSolutionNode = FALSE
	EndGlobalSection
	GlobalSection(ExtensibilityGlobals) = postSolution
		SolutionGuid = {9F9AF3E3-9962-4027-A2C5-A38574EF77C2}
	EndGlobalSection
EndGlobal
